// !$*UTF8*$!
{
	archiveVersion = 1;
	classes = {
	};
	objectVersion = 46;
	objects = {

/* Begin PBXBuildFile section */
		AC18C8BD1E2416EF00A43458 /* AppDelegate.swift in Sources */ = {isa = PBXBuildFile; fileRef = AC18C8BC1E2416EF00A43458 /* AppDelegate.swift */; };
		AC18C8C21E2416EF00A43458 /* Main.storyboard in Resources */ = {isa = PBXBuildFile; fileRef = AC18C8C01E2416EF00A43458 /* Main.storyboard */; };
		AC1E27311E26DCBB00CE5455 /* PulsingAnimation.swift in Sources */ = {isa = PBXBuildFile; fileRef = AC1E27301E26DCBB00CE5455 /* PulsingAnimation.swift */; };
		AC224BBD1E247CEB00664E36 /* SplitViewController.swift in Sources */ = {isa = PBXBuildFile; fileRef = AC224BBC1E247CEB00664E36 /* SplitViewController.swift */; };
		AC28FB0D1E26F06D007A3137 /* Launch Screen.storyboard in Resources */ = {isa = PBXBuildFile; fileRef = AC28FB0C1E26F06D007A3137 /* Launch Screen.storyboard */; };
		AC297CF01E27F3FE00504528 /* DismissAnimator.swift in Sources */ = {isa = PBXBuildFile; fileRef = AC297CEF1E27F3FE00504528 /* DismissAnimator.swift */; };
		AC297CF21E27F40800504528 /* Interactor.swift in Sources */ = {isa = PBXBuildFile; fileRef = AC297CF11E27F40800504528 /* Interactor.swift */; };
		AC2C03461E29815D0045D63C /* Helper.swift in Sources */ = {isa = PBXBuildFile; fileRef = AC2C03451E29815D0045D63C /* Helper.swift */; };
		AC7080781E27582900BBA6FF /* InfoViewController.swift in Sources */ = {isa = PBXBuildFile; fileRef = AC7080771E27582900BBA6FF /* InfoViewController.swift */; };
		ACD0C4871E25820C0016D177 /* Assets.xcassets in Resources */ = {isa = PBXBuildFile; fileRef = ACD0C4861E25820C0016D177 /* Assets.xcassets */; };
		ACD0C4891E258D870016D177 /* moneysound.mp3 in Resources */ = {isa = PBXBuildFile; fileRef = ACD0C4881E258D870016D177 /* moneysound.mp3 */; };
		ACE9061E1E2436CA007C6291 /* Lobster 1.4.otf in Resources */ = {isa = PBXBuildFile; fileRef = ACE9061D1E2436CA007C6291 /* Lobster 1.4.otf */; };
		ACE906241E243CBC007C6291 /* TipViewController.swift in Sources */ = {isa = PBXBuildFile; fileRef = ACE906231E243CBC007C6291 /* TipViewController.swift */; };
		ACE906261E2445BA007C6291 /* coolvetica rg.ttf in Resources */ = {isa = PBXBuildFile; fileRef = ACE906251E2445BA007C6291 /* coolvetica rg.ttf */; };
/* End PBXBuildFile section */

/* Begin PBXFileReference section */
		AC18C8B91E2416EF00A43458 /* Calculator.app */ = {isa = PBXFileReference; explicitFileType = wrapper.application; includeInIndex = 0; path = Calculator.app; sourceTree = BUILT_PRODUCTS_DIR; };
		AC18C8BC1E2416EF00A43458 /* AppDelegate.swift */ = {isa = PBXFileReference; lastKnownFileType = sourcecode.swift; path = AppDelegate.swift; sourceTree = "<group>"; };
		AC18C8C11E2416EF00A43458 /* Base */ = {isa = PBXFileReference; lastKnownFileType = file.storyboard; name = Base; path = Base.lproj/Main.storyboard; sourceTree = "<group>"; };
		AC18C8C81E2416EF00A43458 /* Info.plist */ = {isa = PBXFileReference; lastKnownFileType = text.plist.xml; path = Info.plist; sourceTree = "<group>"; };
		AC1E27301E26DCBB00CE5455 /* PulsingAnimation.swift */ = {isa = PBXFileReference; fileEncoding = 4; lastKnownFileType = sourcecode.swift; path = PulsingAnimation.swift; sourceTree = "<group>"; };
		AC224BBC1E247CEB00664E36 /* SplitViewController.swift */ = {isa = PBXFileReference; fileEncoding = 4; lastKnownFileType = sourcecode.swift; path = SplitViewController.swift; sourceTree = "<group>"; };
		AC28FB0C1E26F06D007A3137 /* Launch Screen.storyboard */ = {isa = PBXFileReference; fileEncoding = 4; lastKnownFileType = file.storyboard; path = "Launch Screen.storyboard"; sourceTree = "<group>"; };
		AC297CEF1E27F3FE00504528 /* DismissAnimator.swift */ = {isa = PBXFileReference; fileEncoding = 4; lastKnownFileType = sourcecode.swift; path = DismissAnimator.swift; sourceTree = "<group>"; };
		AC297CF11E27F40800504528 /* Interactor.swift */ = {isa = PBXFileReference; fileEncoding = 4; lastKnownFileType = sourcecode.swift; path = Interactor.swift; sourceTree = "<group>"; };
		AC2C03451E29815D0045D63C /* Helper.swift */ = {isa = PBXFileReference; fileEncoding = 4; lastKnownFileType = sourcecode.swift; path = Helper.swift; sourceTree = "<group>"; };
		AC7080771E27582900BBA6FF /* InfoViewController.swift */ = {isa = PBXFileReference; fileEncoding = 4; lastKnownFileType = sourcecode.swift; path = InfoViewController.swift; sourceTree = "<group>"; };
		ACD0C4861E25820C0016D177 /* Assets.xcassets */ = {isa = PBXFileReference; lastKnownFileType = folder.assetcatalog; path = Assets.xcassets; sourceTree = "<group>"; };
		ACD0C4881E258D870016D177 /* moneysound.mp3 */ = {isa = PBXFileReference; lastKnownFileType = audio.mp3; path = moneysound.mp3; sourceTree = "<group>"; };
		ACE9061D1E2436CA007C6291 /* Lobster 1.4.otf */ = {isa = PBXFileReference; lastKnownFileType = file; path = "Lobster 1.4.otf"; sourceTree = "<group>"; };
		ACE906231E243CBC007C6291 /* TipViewController.swift */ = {isa = PBXFileReference; fileEncoding = 4; lastKnownFileType = sourcecode.swift; path = TipViewController.swift; sourceTree = "<group>"; };
		ACE906251E2445BA007C6291 /* coolvetica rg.ttf */ = {isa = PBXFileReference; lastKnownFileType = file; path = "coolvetica rg.ttf"; sourceTree = "<group>"; };
/* End PBXFileReference section */

/* Begin PBXFrameworksBuildPhase section */
		AC18C8B61E2416EF00A43458 /* Frameworks */ = {
			isa = PBXFrameworksBuildPhase;
			buildActionMask = 2147483647;
			files = (
			);
			runOnlyForDeploymentPostprocessing = 0;
		};
/* End PBXFrameworksBuildPhase section */

/* Begin PBXGroup section */
		AC0FFFF31E242FC3006B795D /* Custom Fonts */ = {
			isa = PBXGroup;
			children = (
				ACE9061D1E2436CA007C6291 /* Lobster 1.4.otf */,
				ACE906251E2445BA007C6291 /* coolvetica rg.ttf */,
			);
			name = "Custom Fonts";
			sourceTree = "<group>";
		};
		AC18C8B01E2416EF00A43458 = {
			isa = PBXGroup;
			children = (
				AC18C8BB1E2416EF00A43458 /* Calculator */,
				AC18C8BA1E2416EF00A43458 /* Products */,
			);
			sourceTree = "<group>";
		};
		AC18C8BA1E2416EF00A43458 /* Products */ = {
			isa = PBXGroup;
			children = (
				AC18C8B91E2416EF00A43458 /* Calculator.app */,
			);
			name = Products;
			sourceTree = "<group>";
		};
		AC18C8BB1E2416EF00A43458 /* Calculator */ = {
			isa = PBXGroup;
			children = (
				AC18C8BC1E2416EF00A43458 /* AppDelegate.swift */,
				AC18C8C01E2416EF00A43458 /* Main.storyboard */,
				AC28FB0E1E26F882007A3137 /* View Controllers */,
				AC2C03471E29879E0045D63C /* Helpers */,
				AC28FB0F1E26F89A007A3137 /* CoreAnimations */,
				AC0FFFF31E242FC3006B795D /* Custom Fonts */,
				ACD0C48A1E258D9C0016D177 /* Sounds */,
				AC28FB101E26F8C5007A3137 /* Resources */,
			);
			path = Calculator;
			sourceTree = "<group>";
		};
		AC28FB0E1E26F882007A3137 /* View Controllers */ = {
			isa = PBXGroup;
			children = (
				ACE906231E243CBC007C6291 /* TipViewController.swift */,
				AC224BBC1E247CEB00664E36 /* SplitViewController.swift */,
				AC7080771E27582900BBA6FF /* InfoViewController.swift */,
			);
			name = "View Controllers";
			sourceTree = "<group>";
		};
		AC28FB0F1E26F89A007A3137 /* CoreAnimations */ = {
			isa = PBXGroup;
			children = (
				AC1E27301E26DCBB00CE5455 /* PulsingAnimation.swift */,
				AC297CEF1E27F3FE00504528 /* DismissAnimator.swift */,
				AC297CF11E27F40800504528 /* Interactor.swift */,
			);
			name = CoreAnimations;
			sourceTree = "<group>";
		};
		AC28FB101E26F8C5007A3137 /* Resources */ = {
			isa = PBXGroup;
			children = (
				ACD0C4861E25820C0016D177 /* Assets.xcassets */,
				AC28FB0C1E26F06D007A3137 /* Launch Screen.storyboard */,
				AC18C8C81E2416EF00A43458 /* Info.plist */,
			);
			name = Resources;
			sourceTree = "<group>";
		};
		AC2C03471E29879E0045D63C /* Helpers */ = {
			isa = PBXGroup;
			children = (
				AC2C03451E29815D0045D63C /* Helper.swift */,
			);
			name = Helpers;
			sourceTree = "<group>";
		};
		ACD0C48A1E258D9C0016D177 /* Sounds */ = {
			isa = PBXGroup;
			children = (
				ACD0C4881E258D870016D177 /* moneysound.mp3 */,
			);
			name = Sounds;
			sourceTree = "<group>";
		};
/* End PBXGroup section */

/* Begin PBXNativeTarget section */
		AC18C8B81E2416EF00A43458 /* Calculator */ = {
			isa = PBXNativeTarget;
			buildConfigurationList = AC18C8CB1E2416EF00A43458 /* Build configuration list for PBXNativeTarget "Calculator" */;
			buildPhases = (
				AC18C8B51E2416EF00A43458 /* Sources */,
				AC18C8B61E2416EF00A43458 /* Frameworks */,
				AC18C8B71E2416EF00A43458 /* Resources */,
			);
			buildRules = (
			);
			dependencies = (
			);
			name = Calculator;
			productName = Calculator;
			productReference = AC18C8B91E2416EF00A43458 /* Calculator.app */;
			productType = "com.apple.product-type.application";
		};
/* End PBXNativeTarget section */

/* Begin PBXProject section */
		AC18C8B11E2416EF00A43458 /* Project object */ = {
			isa = PBXProject;
			attributes = {
				LastSwiftUpdateCheck = 0820;
				LastUpgradeCheck = 0820;
				ORGANIZATIONNAME = GK;
				TargetAttributes = {
					AC18C8B81E2416EF00A43458 = {
						CreatedOnToolsVersion = 8.2.1;
						DevelopmentTeam = KDJV5MMQDA;
						ProvisioningStyle = Automatic;
					};
				};
			};
			buildConfigurationList = AC18C8B41E2416EF00A43458 /* Build configuration list for PBXProject "Calculator" */;
			compatibilityVersion = "Xcode 3.2";
			developmentRegion = English;
			hasScannedForEncodings = 0;
			knownRegions = (
				en,
				Base,
			);
			mainGroup = AC18C8B01E2416EF00A43458;
			productRefGroup = AC18C8BA1E2416EF00A43458 /* Products */;
			projectDirPath = "";
			projectRoot = "";
			targets = (
				AC18C8B81E2416EF00A43458 /* Calculator */,
			);
		};
/* End PBXProject section */

/* Begin PBXResourcesBuildPhase section */
		AC18C8B71E2416EF00A43458 /* Resources */ = {
			isa = PBXResourcesBuildPhase;
			buildActionMask = 2147483647;
			files = (
				ACE906261E2445BA007C6291 /* coolvetica rg.ttf in Resources */,
				ACE9061E1E2436CA007C6291 /* Lobster 1.4.otf in Resources */,
				ACD0C4891E258D870016D177 /* moneysound.mp3 in Resources */,
				ACD0C4871E25820C0016D177 /* Assets.xcassets in Resources */,
				AC18C8C21E2416EF00A43458 /* Main.storyboard in Resources */,
				AC28FB0D1E26F06D007A3137 /* Launch Screen.storyboard in Resources */,
			);
			runOnlyForDeploymentPostprocessing = 0;
		};
/* End PBXResourcesBuildPhase section */

/* Begin PBXSourcesBuildPhase section */
		AC18C8B51E2416EF00A43458 /* Sources */ = {
			isa = PBXSourcesBuildPhase;
			buildActionMask = 2147483647;
			files = (
				AC224BBD1E247CEB00664E36 /* SplitViewController.swift in Sources */,
				AC297CF01E27F3FE00504528 /* DismissAnimator.swift in Sources */,
				AC18C8BD1E2416EF00A43458 /* AppDelegate.swift in Sources */,
				ACE906241E243CBC007C6291 /* TipViewController.swift in Sources */,
				AC7080781E27582900BBA6FF /* InfoViewController.swift in Sources */,
				AC297CF21E27F40800504528 /* Interactor.swift in Sources */,
				AC1E27311E26DCBB00CE5455 /* PulsingAnimation.swift in Sources */,
				AC2C03461E29815D0045D63C /* Helper.swift in Sources */,
			);
			runOnlyForDeploymentPostprocessing = 0;
		};
/* End PBXSourcesBuildPhase section */

/* Begin PBXVariantGroup section */
		AC18C8C01E2416EF00A43458 /* Main.storyboard */ = {
			isa = PBXVariantGroup;
			children = (
				AC18C8C11E2416EF00A43458 /* Base */,
			);
			name = Main.storyboard;
			sourceTree = "<group>";
		};
/* End PBXVariantGroup section */

/* Begin XCBuildConfiguration section */
		AC18C8C91E2416EF00A43458 /* Debug */ = {
			isa = XCBuildConfiguration;
			buildSettings = {
				ALWAYS_SEARCH_USER_PATHS = NO;
				CLANG_ANALYZER_NONNULL = YES;
				CLANG_CXX_LANGUAGE_STANDARD = "gnu++0x";
				CLANG_CXX_LIBRARY = "libc++";
				CLANG_ENABLE_MODULES = YES;
				CLANG_ENABLE_OBJC_ARC = YES;
				CLANG_WARN_BOOL_CONVERSION = YES;
				CLANG_WARN_CONSTANT_CONVERSION = YES;
				CLANG_WARN_DIRECT_OBJC_ISA_USAGE = YES_ERROR;
				CLANG_WARN_DOCUMENTATION_COMMENTS = YES;
				CLANG_WARN_EMPTY_BODY = YES;
				CLANG_WARN_ENUM_CONVERSION = YES;
				CLANG_WARN_INFINITE_RECURSION = YES;
				CLANG_WARN_INT_CONVERSION = YES;
				CLANG_WARN_OBJC_ROOT_CLASS = YES_ERROR;
				CLANG_WARN_SUSPICIOUS_MOVE = YES;
				CLANG_WARN_UNREACHABLE_CODE = YES;
				CLANG_WARN__DUPLICATE_METHOD_MATCH = YES;
				"CODE_SIGN_IDENTITY[sdk=iphoneos*]" = "iPhone Developer";
				COPY_PHASE_STRIP = NO;
				DEBUG_INFORMATION_FORMAT = dwarf;
				ENABLE_STRICT_OBJC_MSGSEND = YES;
				ENABLE_TESTABILITY = YES;
				GCC_C_LANGUAGE_STANDARD = gnu99;
				GCC_DYNAMIC_NO_PIC = NO;
				GCC_NO_COMMON_BLOCKS = YES;
				GCC_OPTIMIZATION_LEVEL = 0;
				GCC_PREPROCESSOR_DEFINITIONS = (
					"DEBUG=1",
					"$(inherited)",
				);
				GCC_WARN_64_TO_32_BIT_CONVERSION = YES;
				GCC_WARN_ABOUT_RETURN_TYPE = YES_ERROR;
				GCC_WARN_UNDECLARED_SELECTOR = YES;
				GCC_WARN_UNINITIALIZED_AUTOS = YES_AGGRESSIVE;
				GCC_WARN_UNUSED_FUNCTION = YES;
				GCC_WARN_UNUSED_VARIABLE = YES;
				IPHONEOS_DEPLOYMENT_TARGET = 10.2;
				MTL_ENABLE_DEBUG_INFO = YES;
				ONLY_ACTIVE_ARCH = YES;
				SDKROOT = iphoneos;
				SWIFT_ACTIVE_COMPILATION_CONDITIONS = DEBUG;
				SWIFT_OPTIMIZATION_LEVEL = "-Onone";
			};
			name = Debug;
		};
		AC18C8CA1E2416EF00A43458 /* Release */ = {
			isa = XCBuildConfiguration;
			buildSettings = {
				ALWAYS_SEARCH_USER_PATHS = NO;
				CLANG_ANALYZER_NONNULL = YES;
				CLANG_CXX_LANGUAGE_STANDARD = "gnu++0x";
				CLANG_CXX_LIBRARY = "libc++";
				CLANG_ENABLE_MODULES = YES;
				CLANG_ENABLE_OBJC_ARC = YES;
				CLANG_WARN_BOOL_CONVERSION = YES;
				CLANG_WARN_CONSTANT_CONVERSION = YES;
				CLANG_WARN_DIRECT_OBJC_ISA_USAGE = YES_ERROR;
				CLANG_WARN_DOCUMENTATION_COMMENTS = YES;
				CLANG_WARN_EMPTY_BODY = YES;
				CLANG_WARN_ENUM_CONVERSION = YES;
				CLANG_WARN_INFINITE_RECURSION = YES;
				CLANG_WARN_INT_CONVERSION = YES;
				CLANG_WARN_OBJC_ROOT_CLASS = YES_ERROR;
				CLANG_WARN_SUSPICIOUS_MOVE = YES;
				CLANG_WARN_UNREACHABLE_CODE = YES;
				CLANG_WARN__DUPLICATE_METHOD_MATCH = YES;
				"CODE_SIGN_IDENTITY[sdk=iphoneos*]" = "iPhone Developer";
				COPY_PHASE_STRIP = NO;
				DEBUG_INFORMATION_FORMAT = "dwarf-with-dsym";
				ENABLE_NS_ASSERTIONS = NO;
				ENABLE_STRICT_OBJC_MSGSEND = YES;
				GCC_C_LANGUAGE_STANDARD = gnu99;
				GCC_NO_COMMON_BLOCKS = YES;
				GCC_WARN_64_TO_32_BIT_CONVERSION = YES;
				GCC_WARN_ABOUT_RETURN_TYPE = YES_ERROR;
				GCC_WARN_UNDECLARED_SELECTOR = YES;
				GCC_WARN_UNINITIALIZED_AUTOS = YES_AGGRESSIVE;
				GCC_WARN_UNUSED_FUNCTION = YES;
				GCC_WARN_UNUSED_VARIABLE = YES;
				IPHONEOS_DEPLOYMENT_TARGET = 10.2;
				MTL_ENABLE_DEBUG_INFO = NO;
				SDKROOT = iphoneos;
				SWIFT_OPTIMIZATION_LEVEL = "-Owholemodule";
				VALIDATE_PRODUCT = YES;
			};
			name = Release;
		};
		AC18C8CC1E2416EF00A43458 /* Debug */ = {
			isa = XCBuildConfiguration;
			buildSettings = {
				ASSETCATALOG_COMPILER_APPICON_NAME = AppIcon;
				DEVELOPMENT_TEAM = KDJV5MMQDA;
				INFOPLIST_FILE = Calculator/Info.plist;
				LD_RUNPATH_SEARCH_PATHS = "$(inherited) @executable_path/Frameworks";
				PRODUCT_BUNDLE_IDENTIFIER = Gratuitity.Test;
				PRODUCT_NAME = "$(TARGET_NAME)";
				SWIFT_VERSION = 3.0;
				TARGETED_DEVICE_FAMILY = 1;
			};
			name = Debug;
		};
		AC18C8CD1E2416EF00A43458 /* Release */ = {
			isa = XCBuildConfiguration;
			buildSettings = {
				ASSETCATALOG_COMPILER_APPICON_NAME = AppIcon;
				DEVELOPMENT_TEAM = KDJV5MMQDA;
				INFOPLIST_FILE = Calculator/Info.plist;
				LD_RUNPATH_SEARCH_PATHS = "$(inherited) @executable_path/Frameworks";
				PRODUCT_BUNDLE_IDENTIFIER = Gratuitity.Test;
				PRODUCT_NAME = "$(TARGET_NAME)";
				SWIFT_VERSION = 3.0;
				TARGETED_DEVICE_FAMILY = 1;
			};
			name = Release;
		};
/* End XCBuildConfiguration section */

/* Begin XCConfigurationList section */
		AC18C8B41E2416EF00A43458 /* Build configuration list for PBXProject "Calculator" */ = {
			isa = XCConfigurationList;
			buildConfigurations = (
				AC18C8C91E2416EF00A43458 /* Debug */,
				AC18C8CA1E2416EF00A43458 /* Release */,
			);
			defaultConfigurationIsVisible = 0;
			defaultConfigurationName = Release;
		};
		AC18C8CB1E2416EF00A43458 /* Build configuration list for PBXNativeTarget "Calculator" */ = {
			isa = XCConfigurationList;
			buildConfigurations = (
				AC18C8CC1E2416EF00A43458 /* Debug */,
				AC18C8CD1E2416EF00A43458 /* Release */,
			);
			defaultConfigurationIsVisible = 0;
			defaultConfigurationName = Release;
		};
/* End XCConfigurationList section */
	};
	rootObject = AC18C8B11E2416EF00A43458 /* Project object */;
}
